{
  "name": "psv_live_video",
  "version": "0.0.1",
  "lockfileVersion": 3,
  "requires": true,
  "packages": {
    "": {
      "name": "psv_live_video",
      "version": "0.0.1",
      "license": "MIT",
      "dependencies": {
        "@photo-sphere-viewer/autorotate-plugin": "^5.9.0",
        "@photo-sphere-viewer/core": "^5.9.0",
        "@photo-sphere-viewer/equirectangular-video-adapter": "^5.9.0",
        "@photo-sphere-viewer/resolution-plugin": "^5.9.0",
        "@photo-sphere-viewer/settings-plugin": "^5.9.0",
        "@photo-sphere-viewer/video-plugin": "^5.9.0"
      }
    },
    "node_modules/@photo-sphere-viewer/autorotate-plugin": {
      "version": "5.9.0",
      "resolved": "https://registry.npmjs.org/@photo-sphere-viewer/autorotate-plugin/-/autorotate-plugin-5.9.0.tgz",
      "integrity": "sha512-E76wiqLPO3XJBBs5kgquqESdTe2262LNbP//wftBIO2WVX+2DhFNRPtuwG7VevNJoohT6MNk/uP/H73lTBAwlg==",
      "peerDependencies": {
        "@photo-sphere-viewer/core": "5.9.0"
      }
    },
    "node_modules/@photo-sphere-viewer/core": {
      "version": "5.9.0",
      "resolved": "https://registry.npmjs.org/@photo-sphere-viewer/core/-/core-5.9.0.tgz",
      "integrity": "sha512-Th8S2SbKpKEE5l150Mh0Na+3RirceJL9ioRl+33kE59s0Dx675snGWI7gy/xFKEWsdYOhj9f6xNWZ8MSqs8RhQ==",
      "dependencies": {
        "three": "^0.167.0"
      }
    },
    "node_modules/@photo-sphere-viewer/equirectangular-video-adapter": {
      "version": "5.9.0",
      "resolved": "https://registry.npmjs.org/@photo-sphere-viewer/equirectangular-video-adapter/-/equirectangular-video-adapter-5.9.0.tgz",
      "integrity": "sha512-mQPnuKQPQvtNKMtjY8M3b6ANupA7soSDDLL/R8igtlP9vGMPgbVzPmGbrkyq6Ed2bQr+u8j2LkT38ztZ70Ingg==",
      "peerDependencies": {
        "@photo-sphere-viewer/core": "5.9.0"
      }
    },
    "node_modules/@photo-sphere-viewer/resolution-plugin": {
      "version": "5.9.0",
      "resolved": "https://registry.npmjs.org/@photo-sphere-viewer/resolution-plugin/-/resolution-plugin-5.9.0.tgz",
      "integrity": "sha512-KQOlCedOEd6wHdrXsG2VobCbdJL756ssSVUjxaXUTuZ68tZnwlLSSKSPlK2OTRrsko0Nn8tyeuYnJ7F7nMFglw==",
      "peerDependencies": {
        "@photo-sphere-viewer/core": "5.9.0",
        "@photo-sphere-viewer/settings-plugin": "5.9.0"
      }
    },
    "node_modules/@photo-sphere-viewer/settings-plugin": {
      "version": "5.9.0",
      "resolved": "https://registry.npmjs.org/@photo-sphere-viewer/settings-plugin/-/settings-plugin-5.9.0.tgz",
      "integrity": "sha512-bUzPt2myXUAe5I5LyCaYYHr8Vu1/gvuYhp3Ua4+eRkiY/wczdY0/62tgZoZ5ROKJ5rZsji0hB2tUeJa01nwlZA==",
      "peerDependencies": {
        "@photo-sphere-viewer/core": "5.9.0"
      }
    },
    "node_modules/@photo-sphere-viewer/video-plugin": {
      "version": "5.9.0",
      "resolved": "https://registry.npmjs.org/@photo-sphere-viewer/video-plugin/-/video-plugin-5.9.0.tgz",
      "integrity": "sha512-u1li4KEO7iRMhlLWZsn55Jprb8LdSyFbisvHvk75wcSLGZIZj24vabogPrDtdiXuELaC1DTD6En9IpVD/H+mGQ==",
      "peerDependencies": {
        "@photo-sphere-viewer/core": "5.9.0"
      }
    },
    "node_modules/three": {
      "version": "0.167.1",
      "resolved": "https://registry.npmjs.org/three/-/three-0.167.1.tgz",
      "integrity": "sha512-gYTLJA/UQip6J/tJvl91YYqlZF47+D/kxiWrbTon35ZHlXEN0VOo+Qke2walF1/x92v55H6enomymg4Dak52kw=="
    }
  }
}
